Microsoft Visual Studio Solution File, Format Version 12.00
# Visual Studio Version 16
VisualStudioVersion = 16.0.29613.14
MinimumVisualStudioVersion = 10.0.40219.1
Project("{9A19103F-16F7-4668-BE54-9A1E7A4F7556}") = "libinlineser", "src\libinlineser.csproj", "{7752910F-7A49-476F-840B-9938F9CC5921}"
EndProject
Project("{9A19103F-16F7-4668-BE54-9A1E7A4F7556}") = "test", "test\test.csproj", "{4EB85858-3196-4583-82A9-9B0B839AF716}"
EndProject
Project("{9A19103F-16F7-4668-BE54-9A1E7A4F7556}") = "benchmark", "benchmark\benchmark.csproj", "{D434B892-FC0D-4029-A1B3-4047741ED2E9}"
EndProject
Global
	GlobalSection(SolutionConfigurationPlatforms) = preSolution
		Debug|Any CPU = Debug|Any CPU
		Release|Any CPU = Release|Any CPU
	EndGlobalSection
	GlobalSection(ProjectConfigurationPlatforms) = postSolution
		{7752910F-7A49-476F-840B-9938F9CC5921}.Debug|Any CPU.ActiveCfg = Debug|Any CPU
		{7752910F-7A49-476F-840B-9938F9CC5921}.Debug|Any CPU.Build.0 = Debug|Any CPU
		{7752910F-7A49-476F-840B-9938F9CC5921}.Release|Any CPU.ActiveCfg = Release|Any CPU
		{7752910F-7A49-476F-840B-9938F9CC5921}.Release|Any CPU.Build.0 = Release|Any CPU
		{4EB85858-3196-4583-82A9-9B0B839AF716}.Debug|Any CPU.ActiveCfg = Debug|Any CPU
		{4EB85858-3196-4583-82A9-9B0B839AF716}.Debug|Any CPU.Build.0 = Debug|Any CPU
		{4EB85858-3196-4583-82A9-9B0B839AF716}.Release|Any CPU.ActiveCfg = Release|Any CPU
		{4EB85858-3196-4583-82A9-9B0B839AF716}.Release|Any CPU.Build.0 = Release|Any CPU
		{D434B892-FC0D-4029-A1B3-4047741ED2E9}.Debug|Any CPU.ActiveCfg = Debug|Any CPU
		{D434B892-FC0D-4029-A1B3-4047741ED2E9}.Debug|Any CPU.Build.0 = Debug|Any CPU
		{D434B892-FC0D-4029-A1B3-4047741ED2E9}.Release|Any CPU.ActiveCfg = Release|Any CPU
		{D434B892-FC0D-4029-A1B3-4047741ED2E9}.Release|Any CPU.Build.0 = Release|Any CPU
	EndGlobalSection
	GlobalSection(SolutionProperties) = preSolution
		HideSolutionNode = FALSE
	EndGlobalSection
	GlobalSection(ExtensibilityGlobals) = postSolution
		SolutionGuid = {25399430-D1EC-451E-8347-ADE0993C76D1}
	EndGlobalSection
EndGlobal
